{
  "version": 4,
  "terraform_version": "1.7.0",
  "serial": 14,
  "lineage": "eddae8ed-fb9b-18ab-c7ca-c1ca5a41c743",
  "outputs": {
    "ec2_public_ip": {
      "value": "13.206.188.59",
      "type": "string"
    },
    "ecr_url": {
      "value": "756269935915.dkr.ecr.ap-south-1.amazonaws.com/devops-app",
      "type": "string"
    }
  },
  "resources": [
    {
      "mode": "managed",
      "type": "aws_ecr_repository",
      "name": "devops_app",
      "provider": "provider[\"registry.terraform.io/hashicorp/aws\"]",
      "instances": [
        {
          "schema_version": 0,
          "attributes": {
            "arn": "arn:aws:ecr:ap-south-1:756269935915:repository/devops-app",
            "encryption_configuration": [
              {
                "encryption_type": "AES256",
                "kms_key": ""
              }
            ],
            "force_delete": true,
            "id": "devops-app",
            "image_scanning_configuration": [
              {
                "scan_on_push": false
              }
            ],
            "image_tag_mutability": "MUTABLE",
            "name": "devops-app",
            "registry_id": "756269935915",
            "repository_url": "756269935915.dkr.ecr.ap-south-1.amazonaws.com/devops-app",
            "tags": {},
            "tags_all": {},
            "timeouts": null
          },
          "sensitive_attributes": [],
          "private": "eyJlMmJmYjczMC1lY2FhLTExZTYtOGY4OC0zNDM2M2JjN2M0YzAiOnsiZGVsZXRlIjoxMjAwMDAwMDAwMDAwfX0="
        }
      ]
    }
  ],
  "check_results": null
}
